// !$*UTF8*$!
{
	archiveVersion = 1;
	classes = {
	};
	objectVersion = 46;
	objects = {

/* Begin PBXBuildFile section */
		3320465E1BC2FDF6008C9FCF /* Main.storyboard in Resources */ = {isa = PBXBuildFile; fileRef = 3320465C1BC2FDF6008C9FCF /* Main.storyboard */; };
		332046601BC2FE2F008C9FCF /* main.m in Sources */ = {isa = PBXBuildFile; fileRef = 3320465F1BC2FE2F008C9FCF /* main.m */; };
		332046631BC32ED4008C9FCF /* 07ColorBlending.m in Sources */ = {isa = PBXBuildFile; fileRef = 332046621BC32ED3008C9FCF /* 07ColorBlending.m */; };
		332046641BC32ED4008C9FCF /* 07ColorBlending.m in Sources */ = {isa = PBXBuildFile; fileRef = 332046621BC32ED3008C9FCF /* 07ColorBlending.m */; };
		332046651BC32ED4008C9FCF /* 07ColorBlending.m in Sources */ = {isa = PBXBuildFile; fileRef = 332046621BC32ED3008C9FCF /* 07ColorBlending.m */; };
		335C92BE1BB71D7000DC1BD2 /* AppDelegate.m in Sources */ = {isa = PBXBuildFile; fileRef = 335C92BD1BB71D7000DC1BD2 /* AppDelegate.m */; };
		335C92C11BB71D7000DC1BD2 /* main.m in Sources */ = {isa = PBXBuildFile; fileRef = 335C92C01BB71D7000DC1BD2 /* main.m */; };
		335C92C41BB71D7000DC1BD2 /* 01NumbersDemo.m in Sources */ = {isa = PBXBuildFile; fileRef = 335C92C31BB71D7000DC1BD2 /* 01NumbersDemo.m */; };
		335C92C81BB71D7000DC1BD2 /* SceneAssets.xcassets in Resources */ = {isa = PBXBuildFile; fileRef = 335C92C71BB71D7000DC1BD2 /* SceneAssets.xcassets */; };
		335C92CB1BB71D7000DC1BD2 /* MainMenu.xib in Resources */ = {isa = PBXBuildFile; fileRef = 335C92C91BB71D7000DC1BD2 /* MainMenu.xib */; };
		335C92D51BB71EEA00DC1BD2 /* SKUtilities2.m in Sources */ = {isa = PBXBuildFile; fileRef = 335C92D41BB71EEA00DC1BD2 /* SKUtilities2.m */; };
		335C92D81BB7AEB100DC1BD2 /* 02rotationScene.m in Sources */ = {isa = PBXBuildFile; fileRef = 335C92D71BB7AEB100DC1BD2 /* 02rotationScene.m */; };
		335C92DB1BB8959400DC1BD2 /* 03VectorPoint.m in Sources */ = {isa = PBXBuildFile; fileRef = 335C92DA1BB8959400DC1BD2 /* 03VectorPoint.m */; };
		335C92E21BB9D01200DC1BD2 /* 04BezierDemo.m in Sources */ = {isa = PBXBuildFile; fileRef = 335C92E11BB9D01200DC1BD2 /* 04BezierDemo.m */; };
		335C92E51BBB4F7700DC1BD2 /* 05ShapeDemo.m in Sources */ = {isa = PBXBuildFile; fileRef = 335C92E41BBB4F7700DC1BD2 /* 05ShapeDemo.m */; };
		335C92EB1BBB7C5C00DC1BD2 /* 06MultiLineDemo.m in Sources */ = {isa = PBXBuildFile; fileRef = 335C92EA1BBB7C5C00DC1BD2 /* 06MultiLineDemo.m */; };
		335C92F41BBB7F0C00DC1BD2 /* main.m in Sources */ = {isa = PBXBuildFile; fileRef = 335C92F31BBB7F0C00DC1BD2 /* main.m */; };
		335C92F71BBB7F0C00DC1BD2 /* AppDelegate.m in Sources */ = {isa = PBXBuildFile; fileRef = 335C92F61BBB7F0C00DC1BD2 /* AppDelegate.m */; };
		335C92FF1BBB7F0C00DC1BD2 /* GameViewController.m in Sources */ = {isa = PBXBuildFile; fileRef = 335C92FE1BBB7F0C00DC1BD2 /* GameViewController.m */; };
		335C93021BBB7F0C00DC1BD2 /* Main.storyboard in Resources */ = {isa = PBXBuildFile; fileRef = 335C93001BBB7F0C00DC1BD2 /* Main.storyboard */; };
		335C93071BBB7F0C00DC1BD2 /* LaunchScreen.storyboard in Resources */ = {isa = PBXBuildFile; fileRef = 335C93051BBB7F0C00DC1BD2 /* LaunchScreen.storyboard */; };
		335C930C1BBB7F2800DC1BD2 /* SceneAssets.xcassets in Resources */ = {isa = PBXBuildFile; fileRef = 335C92C71BB71D7000DC1BD2 /* SceneAssets.xcassets */; };
		335C930E1BBB7F2E00DC1BD2 /* 01NumbersDemo.m in Sources */ = {isa = PBXBuildFile; fileRef = 335C92C31BB71D7000DC1BD2 /* 01NumbersDemo.m */; };
		335C93101BBB7F2E00DC1BD2 /* 02rotationScene.m in Sources */ = {isa = PBXBuildFile; fileRef = 335C92D71BB7AEB100DC1BD2 /* 02rotationScene.m */; };
		335C93111BBB7F2E00DC1BD2 /* 03VectorPoint.m in Sources */ = {isa = PBXBuildFile; fileRef = 335C92DA1BB8959400DC1BD2 /* 03VectorPoint.m */; };
		335C93121BBB7F2E00DC1BD2 /* 04BezierDemo.m in Sources */ = {isa = PBXBuildFile; fileRef = 335C92E11BB9D01200DC1BD2 /* 04BezierDemo.m */; };
		335C93131BBB7F2E00DC1BD2 /* 05ShapeDemo.m in Sources */ = {isa = PBXBuildFile; fileRef = 335C92E41BBB4F7700DC1BD2 /* 05ShapeDemo.m */; };
		335C93141BBB7F2E00DC1BD2 /* 06MultiLineDemo.m in Sources */ = {isa = PBXBuildFile; fileRef = 335C92EA1BBB7C5C00DC1BD2 /* 06MultiLineDemo.m */; };
		335C93151BBB7F3100DC1BD2 /* SKUtilities2.m in Sources */ = {isa = PBXBuildFile; fileRef = 335C92D41BB71EEA00DC1BD2 /* SKUtilities2.m */; };
		335C93231BBB8ADC00DC1BD2 /* AppDelegate.m in Sources */ = {isa = PBXBuildFile; fileRef = 335C93221BBB8ADC00DC1BD2 /* AppDelegate.m */; };
		335C932B1BBB8ADC00DC1BD2 /* GameViewController.m in Sources */ = {isa = PBXBuildFile; fileRef = 335C932A1BBB8ADC00DC1BD2 /* GameViewController.m */; };
		335C93321BBB8ADD00DC1BD2 /* Assets.xcassets in Resources */ = {isa = PBXBuildFile; fileRef = 335C93311BBB8ADD00DC1BD2 /* Assets.xcassets */; };
		335C93371BBB8AFD00DC1BD2 /* SKUtilities2.m in Sources */ = {isa = PBXBuildFile; fileRef = 335C92D41BB71EEA00DC1BD2 /* SKUtilities2.m */; };
		335C93381BBB8AFD00DC1BD2 /* 01NumbersDemo.m in Sources */ = {isa = PBXBuildFile; fileRef = 335C92C31BB71D7000DC1BD2 /* 01NumbersDemo.m */; };
		335C933A1BBB8AFD00DC1BD2 /* 02rotationScene.m in Sources */ = {isa = PBXBuildFile; fileRef = 335C92D71BB7AEB100DC1BD2 /* 02rotationScene.m */; };
		335C933B1BBB8AFD00DC1BD2 /* 03VectorPoint.m in Sources */ = {isa = PBXBuildFile; fileRef = 335C92DA1BB8959400DC1BD2 /* 03VectorPoint.m */; };
		335C933C1BBB8AFD00DC1BD2 /* 04BezierDemo.m in Sources */ = {isa = PBXBuildFile; fileRef = 335C92E11BB9D01200DC1BD2 /* 04BezierDemo.m */; };
		335C933D1BBB8AFD00DC1BD2 /* 05ShapeDemo.m in Sources */ = {isa = PBXBuildFile; fileRef = 335C92E41BBB4F7700DC1BD2 /* 05ShapeDemo.m */; };
		335C933E1BBB8AFD00DC1BD2 /* 06MultiLineDemo.m in Sources */ = {isa = PBXBuildFile; fileRef = 335C92EA1BBB7C5C00DC1BD2 /* 06MultiLineDemo.m */; };
		335C933F1BBCA95F00DC1BD2 /* SceneAssets.xcassets in Resources */ = {isa = PBXBuildFile; fileRef = 335C92C71BB71D7000DC1BD2 /* SceneAssets.xcassets */; };
		33A199CB1BC9FF6D00A98913 /* shapeBenchmark.m in Sources */ = {isa = PBXBuildFile; fileRef = 33A199CA1BC9FF6D00A98913 /* shapeBenchmark.m */; };
		33A199CC1BC9FF6D00A98913 /* shapeBenchmark.m in Sources */ = {isa = PBXBuildFile; fileRef = 33A199CA1BC9FF6D00A98913 /* shapeBenchmark.m */; };
		33A199CD1BC9FF6D00A98913 /* shapeBenchmark.m in Sources */ = {isa = PBXBuildFile; fileRef = 33A199CA1BC9FF6D00A98913 /* shapeBenchmark.m */; };
		33A1D8031BF99211008077F7 /* osximages.xcassets in Resources */ = {isa = PBXBuildFile; fileRef = 33A1D8021BF99211008077F7 /* osximages.xcassets */; };
		33A1D8051BF9925C008077F7 /* iosimages.xcassets in Resources */ = {isa = PBXBuildFile; fileRef = 33A1D8041BF9925C008077F7 /* iosimages.xcassets */; };
		33BA01BC1BDB34360012F8B3 /* SKUtilities2.xcassets in Resources */ = {isa = PBXBuildFile; fileRef = 33BA01BB1BDB34360012F8B3 /* SKUtilities2.xcassets */; };
		33BA01BD1BDB34360012F8B3 /* SKUtilities2.xcassets in Resources */ = {isa = PBXBuildFile; fileRef = 33BA01BB1BDB34360012F8B3 /* SKUtilities2.xcassets */; };
		33BA01BE1BDB34360012F8B3 /* SKUtilities2.xcassets in Resources */ = {isa = PBXBuildFile; fileRef = 33BA01BB1BDB34360012F8B3 /* SKUtilities2.xcassets */; };
		33E0A6061BDD72DB00FB0414 /* 08ButtonDemo.m in Sources */ = {isa = PBXBuildFile; fileRef = 33E0A6051BDD72DB00FB0414 /* 08ButtonDemo.m */; };
		33E0A6071BDD72DB00FB0414 /* 08ButtonDemo.m in Sources */ = {isa = PBXBuildFile; fileRef = 33E0A6051BDD72DB00FB0414 /* 08ButtonDemo.m */; };
		33E0A6081BDD72DB00FB0414 /* 08ButtonDemo.m in Sources */ = {isa = PBXBuildFile; fileRef = 33E0A6051BDD72DB00FB0414 /* 08ButtonDemo.m */; };
/* End PBXBuildFile section */

/* Begin PBXFileReference section */
		3320465D1BC2FDF6008C9FCF /* Base */ = {isa = PBXFileReference; lastKnownFileType = file.storyboard; name = Base; path = SKUtilities2/tvOS/Base.lproj/Main.storyboard; sourceTree = SOURCE_ROOT; };
		3320465F1BC2FE2F008C9FCF /* main.m */ = {isa = PBXFileReference; fileEncoding = 4; lastKnownFileType = sourcecode.c.objc; name = main.m; path = SKUtilities2/tvOS/main.m; sourceTree = SOURCE_ROOT; };
		332046611BC32ED3008C9FCF /* 07ColorBlending.h */ = {isa = PBXFileReference; fileEncoding = 4; lastKnownFileType = sourcecode.c.h; name = 07ColorBlending.h; path = "demo scenes/07ColorBlending.h"; sourceTree = "<group>"; };
		332046621BC32ED3008C9FCF /* 07ColorBlending.m */ = {isa = PBXFileReference; fileEncoding = 4; lastKnownFileType = sourcecode.c.objc; name = 07ColorBlending.m; path = "demo scenes/07ColorBlending.m"; sourceTree = "<group>"; };
		335C92B91BB71D7000DC1BD2 /* SKUtilities2OSXDemo.app */ = {isa = PBXFileReference; explicitFileType = wrapper.application; includeInIndex = 0; path = SKUtilities2OSXDemo.app; sourceTree = BUILT_PRODUCTS_DIR; };
		335C92BC1BB71D7000DC1BD2 /* AppDelegate.h */ = {isa = PBXFileReference; lastKnownFileType = sourcecode.c.h; name = AppDelegate.h; path = OSX/AppDelegate.h; sourceTree = "<group>"; };
		335C92BD1BB71D7000DC1BD2 /* AppDelegate.m */ = {isa = PBXFileReference; lastKnownFileType = sourcecode.c.objc; lineEnding = 0; name = AppDelegate.m; path = OSX/AppDelegate.m; sourceTree = "<group>"; xcLanguageSpecificationIdentifier = xcode.lang.objc; };
		335C92C01BB71D7000DC1BD2 /* main.m */ = {isa = PBXFileReference; lastKnownFileType = sourcecode.c.objc; name = main.m; path = OSX/main.m; sourceTree = "<group>"; };
		335C92C21BB71D7000DC1BD2 /* 01NumbersDemo.h */ = {isa = PBXFileReference; lastKnownFileType = sourcecode.c.h; name = 01NumbersDemo.h; path = "demo scenes/01NumbersDemo.h"; sourceTree = "<group>"; };
		335C92C31BB71D7000DC1BD2 /* 01NumbersDemo.m */ = {isa = PBXFileReference; lastKnownFileType = sourcecode.c.objc; lineEnding = 0; name = 01NumbersDemo.m; path = "demo scenes/01NumbersDemo.m"; sourceTree = "<group>"; xcLanguageSpecificationIdentifier = xcode.lang.objc; };
		335C92C71BB71D7000DC1BD2 /* SceneAssets.xcassets */ = {isa = PBXFileReference; lastKnownFileType = folder.assetcatalog; name = SceneAssets.xcassets; path = OSX/SceneAssets.xcassets; sourceTree = "<group>"; };
		335C92CA1BB71D7000DC1BD2 /* Base */ = {isa = PBXFileReference; lastKnownFileType = file.xib; name = Base; path = Base.lproj/MainMenu.xib; sourceTree = "<group>"; };
		335C92CC1BB71D7000DC1BD2 /* Info.plist */ = {isa = PBXFileReference; lastKnownFileType = text.plist.xml; name = Info.plist; path = OSX/Info.plist; sourceTree = "<group>"; };
		335C92D31BB71EEA00DC1BD2 /* SKUtilities2.h */ = {isa = PBXFileReference; fileEncoding = 4; lastKnownFileType = sourcecode.c.h; path = SKUtilities2.h; sourceTree = "<group>"; };
		335C92D41BB71EEA00DC1BD2 /* SKUtilities2.m */ = {isa = PBXFileReference; fileEncoding = 4; lastKnownFileType = sourcecode.c.objc; path = SKUtilities2.m; sourceTree = "<group>"; };
		335C92D61BB7AEB100DC1BD2 /* 02rotationScene.h */ = {isa = PBXFileReference; fileEncoding = 4; lastKnownFileType = sourcecode.c.h; name = 02rotationScene.h; path = "demo scenes/02rotationScene.h"; sourceTree = "<group>"; };
		335C92D71BB7AEB100DC1BD2 /* 02rotationScene.m */ = {isa = PBXFileReference; fileEncoding = 4; lastKnownFileType = sourcecode.c.objc; name = 02rotationScene.m; path = "demo scenes/02rotationScene.m"; sourceTree = "<group>"; };
		335C92D91BB8959400DC1BD2 /* 03VectorPoint.h */ = {isa = PBXFileReference; fileEncoding = 4; lastKnownFileType = sourcecode.c.h; name = 03VectorPoint.h; path = "demo scenes/03VectorPoint.h"; sourceTree = "<group>"; };
		335C92DA1BB8959400DC1BD2 /* 03VectorPoint.m */ = {isa = PBXFileReference; fileEncoding = 4; lastKnownFileType = sourcecode.c.objc; lineEnding = 0; name = 03VectorPoint.m; path = "demo scenes/03VectorPoint.m"; sourceTree = "<group>"; xcLanguageSpecificationIdentifier = xcode.lang.objc; };
		335C92E01BB9D01200DC1BD2 /* 04BezierDemo.h */ = {isa = PBXFileReference; fileEncoding = 4; lastKnownFileType = sourcecode.c.h; name = 04BezierDemo.h; path = "demo scenes/04BezierDemo.h"; sourceTree = "<group>"; };
		335C92E11BB9D01200DC1BD2 /* 04BezierDemo.m */ = {isa = PBXFileReference; fileEncoding = 4; lastKnownFileType = sourcecode.c.objc; name = 04BezierDemo.m; path = "demo scenes/04BezierDemo.m"; sourceTree = "<group>"; };
		335C92E31BBB4F7700DC1BD2 /* 05ShapeDemo.h */ = {isa = PBXFileReference; fileEncoding = 4; lastKnownFileType = sourcecode.c.h; name = 05ShapeDemo.h; path = "demo scenes/05ShapeDemo.h"; sourceTree = "<group>"; };
		335C92E41BBB4F7700DC1BD2 /* 05ShapeDemo.m */ = {isa = PBXFileReference; fileEncoding = 4; lastKnownFileType = sourcecode.c.objc; name = 05ShapeDemo.m; path = "demo scenes/05ShapeDemo.m"; sourceTree = "<group>"; };
		335C92E91BBB7C5C00DC1BD2 /* 06MultiLineDemo.h */ = {isa = PBXFileReference; fileEncoding = 4; lastKnownFileType = sourcecode.c.h; name = 06MultiLineDemo.h; path = "demo scenes/06MultiLineDemo.h"; sourceTree = "<group>"; };
		335C92EA1BBB7C5C00DC1BD2 /* 06MultiLineDemo.m */ = {isa = PBXFileReference; fileEncoding = 4; lastKnownFileType = sourcecode.c.objc; name = 06MultiLineDemo.m; path = "demo scenes/06MultiLineDemo.m"; sourceTree = "<group>"; };
		335C92F01BBB7F0C00DC1BD2 /* SKUtilities2iOSDemo.app */ = {isa = PBXFileReference; explicitFileType = wrapper.application; includeInIndex = 0; path = SKUtilities2iOSDemo.app; sourceTree = BUILT_PRODUCTS_DIR; };
		335C92F31BBB7F0C00DC1BD2 /* main.m */ = {isa = PBXFileReference; lastKnownFileType = sourcecode.c.objc; name = main.m; path = ../SKUtilities2/iOS/main.m; sourceTree = "<group>"; };
		335C92F51BBB7F0C00DC1BD2 /* AppDelegate.h */ = {isa = PBXFileReference; lastKnownFileType = sourcecode.c.h; name = AppDelegate.h; path = ../SKUtilities2/iOS/AppDelegate.h; sourceTree = "<group>"; };
		335C92F61BBB7F0C00DC1BD2 /* AppDelegate.m */ = {isa = PBXFileReference; lastKnownFileType = sourcecode.c.objc; name = AppDelegate.m; path = ../SKUtilities2/iOS/AppDelegate.m; sourceTree = "<group>"; };
		335C92FD1BBB7F0C00DC1BD2 /* GameViewController.h */ = {isa = PBXFileReference; lastKnownFileType = sourcecode.c.h; name = GameViewController.h; path = ../SKUtilities2/iOS/GameViewController.h; sourceTree = "<group>"; };
		335C92FE1BBB7F0C00DC1BD2 /* GameViewController.m */ = {isa = PBXFileReference; lastKnownFileType = sourcecode.c.objc; name = GameViewController.m; path = ../SKUtilities2/iOS/GameViewController.m; sourceTree = "<group>"; };
		335C93011BBB7F0C00DC1BD2 /* Base */ = {isa = PBXFileReference; lastKnownFileType = file.storyboard; name = Base; path = Base.lproj/Main.storyboard; sourceTree = "<group>"; };
		335C93061BBB7F0C00DC1BD2 /* Base */ = {isa = PBXFileReference; lastKnownFileType = file.storyboard; name = Base; path = Base.lproj/LaunchScreen.storyboard; sourceTree = "<group>"; };
		335C93081BBB7F0C00DC1BD2 /* Info.plist */ = {isa = PBXFileReference; lastKnownFileType = text.plist.xml; name = Info.plist; path = ../SKUtilities2/iOS/Info.plist; sourceTree = "<group>"; };
		335C931C1BBB8ADC00DC1BD2 /* SKUtilities2tvOSdemo.app */ = {isa = PBXFileReference; explicitFileType = wrapper.application; includeInIndex = 0; path = SKUtilities2tvOSdemo.app; sourceTree = BUILT_PRODUCTS_DIR; };
		335C93211BBB8ADC00DC1BD2 /* AppDelegate.h */ = {isa = PBXFileReference; lastKnownFileType = sourcecode.c.h; name = AppDelegate.h; path = SKUtilities2/tvOS/AppDelegate.h; sourceTree = SOURCE_ROOT; };
		335C93221BBB8ADC00DC1BD2 /* AppDelegate.m */ = {isa = PBXFileReference; lastKnownFileType = sourcecode.c.objc; name = AppDelegate.m; path = SKUtilities2/tvOS/AppDelegate.m; sourceTree = SOURCE_ROOT; };
		335C93291BBB8ADC00DC1BD2 /* GameViewController.h */ = {isa = PBXFileReference; lastKnownFileType = sourcecode.c.h; name = GameViewController.h; path = SKUtilities2/tvOS/GameViewController.h; sourceTree = SOURCE_ROOT; };
		335C932A1BBB8ADC00DC1BD2 /* GameViewController.m */ = {isa = PBXFileReference; lastKnownFileType = sourcecode.c.objc; name = GameViewController.m; path = SKUtilities2/tvOS/GameViewController.m; sourceTree = SOURCE_ROOT; };
		335C93311BBB8ADD00DC1BD2 /* Assets.xcassets */ = {isa = PBXFileReference; lastKnownFileType = folder.assetcatalog; name = Assets.xcassets; path = SKUtilities2/tvOS/Assets.xcassets; sourceTree = SOURCE_ROOT; };
		335C93331BBB8ADD00DC1BD2 /* Info.plist */ = {isa = PBXFileReference; lastKnownFileType = text.plist.xml; name = Info.plist; path = SKUtilities2/tvOS/Info.plist; sourceTree = SOURCE_ROOT; };
		33A199C91BC9FF6D00A98913 /* shapeBenchmark.h */ = {isa = PBXFileReference; fileEncoding = 4; lastKnownFileType = sourcecode.c.h; name = shapeBenchmark.h; path = "demo scenes/shapeBenchmark.h"; sourceTree = "<group>"; };
		33A199CA1BC9FF6D00A98913 /* shapeBenchmark.m */ = {isa = PBXFileReference; fileEncoding = 4; lastKnownFileType = sourcecode.c.objc; name = shapeBenchmark.m; path = "demo scenes/shapeBenchmark.m"; sourceTree = "<group>"; };
		33A1D8021BF99211008077F7 /* osximages.xcassets */ = {isa = PBXFileReference; lastKnownFileType = folder.assetcatalog; path = osximages.xcassets; sourceTree = "<group>"; };
		33A1D8041BF9925C008077F7 /* iosimages.xcassets */ = {isa = PBXFileReference; lastKnownFileType = folder.assetcatalog; name = iosimages.xcassets; path = SKUtilities2/iosimages.xcassets; sourceTree = SOURCE_ROOT; };
		33B260761BD4923B0004CB3A /* TODO */ = {isa = PBXFileReference; lastKnownFileType = text; path = TODO; sourceTree = "<group>"; };
		33BA01BB1BDB34360012F8B3 /* SKUtilities2.xcassets */ = {isa = PBXFileReference; lastKnownFileType = folder.assetcatalog; path = SKUtilities2.xcassets; sourceTree = "<group>"; };
		33E0A6041BDD72DB00FB0414 /* 08ButtonDemo.h */ = {isa = PBXFileReference; fileEncoding = 4; lastKnownFileType = sourcecode.c.h; name = 08ButtonDemo.h; path = "demo scenes/08ButtonDemo.h"; sourceTree = "<group>"; };
		33E0A6051BDD72DB00FB0414 /* 08ButtonDemo.m */ = {isa = PBXFileReference; fileEncoding = 4; lastKnownFileType = sourcecode.c.objc; name = 08ButtonDemo.m; path = "demo scenes/08ButtonDemo.m"; sourceTree = "<group>"; };
		33E1DF0E1BEF12D8000E1894 /* LICENSE.txt */ = {isa = PBXFileReference; lastKnownFileType = text; path = LICENSE.txt; sourceTree = SOURCE_ROOT; };
		33E1DF0F1BEF12D8000E1894 /* README.md */ = {isa = PBXFileReference; lastKnownFileType = net.daringfireball.markdown; path = README.md; sourceTree = SOURCE_ROOT; };
/* End PBXFileReference section */

/* Begin PBXFrameworksBuildPhase section */
		335C92B61BB71D7000DC1BD2 /* Frameworks */ = {
			isa = PBXFrameworksBuildPhase;
			buildActionMask = 2147483647;
			files = (
			);
			runOnlyForDeploymentPostprocessing = 0;
		};
		335C92ED1BBB7F0C00DC1BD2 /* Frameworks */ = {
			isa = PBXFrameworksBuildPhase;
			buildActionMask = 2147483647;
			files = (
			);
			runOnlyForDeploymentPostprocessing = 0;
		};
		335C93191BBB8ADC00DC1BD2 /* Frameworks */ = {
			isa = PBXFrameworksBuildPhase;
			buildActionMask = 2147483647;
			files = (
			);
			runOnlyForDeploymentPostprocessing = 0;
		};
/* End PBXFrameworksBuildPhase section */

/* Begin PBXGroup section */
		335C92B01BB71D7000DC1BD2 = {
			isa = PBXGroup;
			children = (
				335C92BB1BB71D7000DC1BD2 /* SKUtilities2 */,
				335C93171BBB831D00DC1BD2 /* demo scenes */,
				335C92D21BB71E6F00DC1BD2 /* OSX */,
				335C92F11BBB7F0C00DC1BD2 /* iOS */,
				335C931D1BBB8ADC00DC1BD2 /* tvOS */,
				335C92BA1BB71D7000DC1BD2 /* Products */,
			);
			sourceTree = "<group>";
		};
		335C92BA1BB71D7000DC1BD2 /* Products */ = {
			isa = PBXGroup;
			children = (
				335C92B91BB71D7000DC1BD2 /* SKUtilities2OSXDemo.app */,
				335C92F01BBB7F0C00DC1BD2 /* SKUtilities2iOSDemo.app */,
				335C931C1BBB8ADC00DC1BD2 /* SKUtilities2tvOSdemo.app */,
			);
			name = Products;
			sourceTree = "<group>";
		};
		335C92BB1BB71D7000DC1BD2 /* SKUtilities2 */ = {
			isa = PBXGroup;
			children = (
				33E1DF0E1BEF12D8000E1894 /* LICENSE.txt */,
				33E1DF0F1BEF12D8000E1894 /* README.md */,
				33B260761BD4923B0004CB3A /* TODO */,
				335C92D31BB71EEA00DC1BD2 /* SKUtilities2.h */,
				335C92D41BB71EEA00DC1BD2 /* SKUtilities2.m */,
				33BA01BB1BDB34360012F8B3 /* SKUtilities2.xcassets */,
			);
			path = SKUtilities2;
			sourceTree = "<group>";
		};
		335C92BF1BB71D7000DC1BD2 /* Supporting Files */ = {
			isa = PBXGroup;
			children = (
				335C92C01BB71D7000DC1BD2 /* main.m */,
			);
			name = "Supporting Files";
			sourceTree = "<group>";
		};
		335C92D21BB71E6F00DC1BD2 /* OSX */ = {
			isa = PBXGroup;
			children = (
				335C92BC1BB71D7000DC1BD2 /* AppDelegate.h */,
				33A1D8021BF99211008077F7 /* osximages.xcassets */,
				335C92BD1BB71D7000DC1BD2 /* AppDelegate.m */,
				335C92C91BB71D7000DC1BD2 /* MainMenu.xib */,
				335C92CC1BB71D7000DC1BD2 /* Info.plist */,
				335C92BF1BB71D7000DC1BD2 /* Supporting Files */,
			);
			name = OSX;
			path = SKUtilities2;
			sourceTree = "<group>";
		};
		335C92F11BBB7F0C00DC1BD2 /* iOS */ = {
			isa = PBXGroup;
			children = (
				335C92F51BBB7F0C00DC1BD2 /* AppDelegate.h */,
				335C92F61BBB7F0C00DC1BD2 /* AppDelegate.m */,
				335C92FD1BBB7F0C00DC1BD2 /* GameViewController.h */,
				335C92FE1BBB7F0C00DC1BD2 /* GameViewController.m */,
				335C93001BBB7F0C00DC1BD2 /* Main.storyboard */,
				33A1D8041BF9925C008077F7 /* iosimages.xcassets */,
				335C93051BBB7F0C00DC1BD2 /* LaunchScreen.storyboard */,
				335C93081BBB7F0C00DC1BD2 /* Info.plist */,
				335C92F21BBB7F0C00DC1BD2 /* Supporting Files */,
			);
			name = iOS;
			path = SKUtilitiesiOSDemo;
			sourceTree = "<group>";
		};
		335C92F21BBB7F0C00DC1BD2 /* Supporting Files */ = {
			isa = PBXGroup;
			children = (
				335C92F31BBB7F0C00DC1BD2 /* main.m */,
			);
			name = "Supporting Files";
			sourceTree = "<group>";
		};
		335C93171BBB831D00DC1BD2 /* demo scenes */ = {
			isa = PBXGroup;
			children = (
				335C92C71BB71D7000DC1BD2 /* SceneAssets.xcassets */,
				335C92C21BB71D7000DC1BD2 /* 01NumbersDemo.h */,
				335C92C31BB71D7000DC1BD2 /* 01NumbersDemo.m */,
				335C92D61BB7AEB100DC1BD2 /* 02rotationScene.h */,
				335C92D71BB7AEB100DC1BD2 /* 02rotationScene.m */,
				335C92D91BB8959400DC1BD2 /* 03VectorPoint.h */,
				335C92DA1BB8959400DC1BD2 /* 03VectorPoint.m */,
				335C92E01BB9D01200DC1BD2 /* 04BezierDemo.h */,
				335C92E11BB9D01200DC1BD2 /* 04BezierDemo.m */,
				335C92E31BBB4F7700DC1BD2 /* 05ShapeDemo.h */,
				335C92E41BBB4F7700DC1BD2 /* 05ShapeDemo.m */,
				33A199C91BC9FF6D00A98913 /* shapeBenchmark.h */,
				33A199CA1BC9FF6D00A98913 /* shapeBenchmark.m */,
				335C92E91BBB7C5C00DC1BD2 /* 06MultiLineDemo.h */,
				335C92EA1BBB7C5C00DC1BD2 /* 06MultiLineDemo.m */,
				332046611BC32ED3008C9FCF /* 07ColorBlending.h */,
				332046621BC32ED3008C9FCF /* 07ColorBlending.m */,
				33E0A6041BDD72DB00FB0414 /* 08ButtonDemo.h */,
				33E0A6051BDD72DB00FB0414 /* 08ButtonDemo.m */,
			);
			name = "demo scenes";
			path = SKUtilities2;
			sourceTree = "<group>";
		};
		335C931D1BBB8ADC00DC1BD2 /* tvOS */ = {
			isa = PBXGroup;
			children = (
				335C93211BBB8ADC00DC1BD2 /* AppDelegate.h */,
				335C93221BBB8ADC00DC1BD2 /* AppDelegate.m */,
				335C93291BBB8ADC00DC1BD2 /* GameViewController.h */,
				335C932A1BBB8ADC00DC1BD2 /* GameViewController.m */,
				335C93311BBB8ADD00DC1BD2 /* Assets.xcassets */,
				335C93331BBB8ADD00DC1BD2 /* Info.plist */,
				3320465C1BC2FDF6008C9FCF /* Main.storyboard */,
				335C931E1BBB8ADC00DC1BD2 /* Supporting Files */,
			);
			name = tvOS;
			path = SKUtilitiestvOSdemo;
			sourceTree = "<group>";
		};
		335C931E1BBB8ADC00DC1BD2 /* Supporting Files */ = {
			isa = PBXGroup;
			children = (
				3320465F1BC2FE2F008C9FCF /* main.m */,
			);
			name = "Supporting Files";
			sourceTree = "<group>";
		};
/* End PBXGroup section */

/* Begin PBXNativeTarget section */
		335C92B81BB71D7000DC1BD2 /* SKUtilities2OSXDemo */ = {
			isa = PBXNativeTarget;
			buildConfigurationList = 335C92CF1BB71D7000DC1BD2 /* Build configuration list for PBXNativeTarget "SKUtilities2OSXDemo" */;
			buildPhases = (
				335C92B51BB71D7000DC1BD2 /* Sources */,
				335C92B61BB71D7000DC1BD2 /* Frameworks */,
				335C92B71BB71D7000DC1BD2 /* Resources */,
			);
			buildRules = (
			);
			dependencies = (
			);
			name = SKUtilities2OSXDemo;
			productName = SKUtilities2;
			productReference = 335C92B91BB71D7000DC1BD2 /* SKUtilities2OSXDemo.app */;
			productType = "com.apple.product-type.application";
		};
		335C92EF1BBB7F0C00DC1BD2 /* SKUtilities2iOSDemo */ = {
			isa = PBXNativeTarget;
			buildConfigurationList = 335C93091BBB7F0C00DC1BD2 /* Build configuration list for PBXNativeTarget "SKUtilities2iOSDemo" */;
			buildPhases = (
				335C92EC1BBB7F0C00DC1BD2 /* Sources */,
				335C92ED1BBB7F0C00DC1BD2 /* Frameworks */,
				335C92EE1BBB7F0C00DC1BD2 /* Resources */,
			);
			buildRules = (
			);
			dependencies = (
			);
			name = SKUtilities2iOSDemo;
			productName = SKUtilitiesiOSDemo;
			productReference = 335C92F01BBB7F0C00DC1BD2 /* SKUtilities2iOSDemo.app */;
			productType = "com.apple.product-type.application";
		};
		335C931B1BBB8ADC00DC1BD2 /* SKUtilities2tvOSdemo */ = {
			isa = PBXNativeTarget;
			buildConfigurationList = 335C93341BBB8ADD00DC1BD2 /* Build configuration list for PBXNativeTarget "SKUtilities2tvOSdemo" */;
			buildPhases = (
				335C93181BBB8ADC00DC1BD2 /* Sources */,
				335C93191BBB8ADC00DC1BD2 /* Frameworks */,
				335C931A1BBB8ADC00DC1BD2 /* Resources */,
			);
			buildRules = (
			);
			dependencies = (
			);
			name = SKUtilities2tvOSdemo;
			productName = SKUtilitiestvOSdemo;
			productReference = 335C931C1BBB8ADC00DC1BD2 /* SKUtilities2tvOSdemo.app */;
			productType = "com.apple.product-type.application";
		};
/* End PBXNativeTarget section */

/* Begin PBXProject section */
		335C92B11BB71D7000DC1BD2 /* Project object */ = {
			isa = PBXProject;
			attributes = {
				LastUpgradeCheck = 0710;
				ORGANIZATIONNAME = "Michael Redig";
				TargetAttributes = {
					335C92B81BB71D7000DC1BD2 = {
						CreatedOnToolsVersion = 7.1;
					};
					335C92EF1BBB7F0C00DC1BD2 = {
						CreatedOnToolsVersion = 7.1;
						DevelopmentTeam = L5UZAT7KA9;
					};
					335C931B1BBB8ADC00DC1BD2 = {
						CreatedOnToolsVersion = 7.1;
						DevelopmentTeam = L5UZAT7KA9;
					};
				};
			};
			buildConfigurationList = 335C92B41BB71D7000DC1BD2 /* Build configuration list for PBXProject "SKUtilities2" */;
			compatibilityVersion = "Xcode 3.2";
			developmentRegion = English;
			hasScannedForEncodings = 0;
			knownRegions = (
				en,
				Base,
			);
			mainGroup = 335C92B01BB71D7000DC1BD2;
			productRefGroup = 335C92BA1BB71D7000DC1BD2 /* Products */;
			projectDirPath = "";
			projectRoot = "";
			targets = (
				335C92B81BB71D7000DC1BD2 /* SKUtilities2OSXDemo */,
				335C92EF1BBB7F0C00DC1BD2 /* SKUtilities2iOSDemo */,
				335C931B1BBB8ADC00DC1BD2 /* SKUtilities2tvOSdemo */,
			);
		};
/* End PBXProject section */

/* Begin PBXResourcesBuildPhase section */
		335C92B71BB71D7000DC1BD2 /* Resources */ = {
			isa = PBXResourcesBuildPhase;
			buildActionMask = 2147483647;
			files = (
				335C92C81BB71D7000DC1BD2 /* SceneAssets.xcassets in Resources */,
				33BA01BC1BDB34360012F8B3 /* SKUtilities2.xcassets in Resources */,
				33A1D8031BF99211008077F7 /* osximages.xcassets in Resources */,
				335C92CB1BB71D7000DC1BD2 /* MainMenu.xib in Resources */,
			);
			runOnlyForDeploymentPostprocessing = 0;
		};
		335C92EE1BBB7F0C00DC1BD2 /* Resources */ = {
			isa = PBXResourcesBuildPhase;
			buildActionMask = 2147483647;
			files = (
				33A1D8051BF9925C008077F7 /* iosimages.xcassets in Resources */,
				335C93071BBB7F0C00DC1BD2 /* LaunchScreen.storyboard in Resources */,
				33BA01BD1BDB34360012F8B3 /* SKUtilities2.xcassets in Resources */,
				335C930C1BBB7F2800DC1BD2 /* SceneAssets.xcassets in Resources */,
				335C93021BBB7F0C00DC1BD2 /* Main.storyboard in Resources */,
			);
			runOnlyForDeploymentPostprocessing = 0;
		};
		335C931A1BBB8ADC00DC1BD2 /* Resources */ = {
			isa = PBXResourcesBuildPhase;
			buildActionMask = 2147483647;
			files = (
				3320465E1BC2FDF6008C9FCF /* Main.storyboard in Resources */,
				33BA01BE1BDB34360012F8B3 /* SKUtilities2.xcassets in Resources */,
				335C93321BBB8ADD00DC1BD2 /* Assets.xcassets in Resources */,
				335C933F1BBCA95F00DC1BD2 /* SceneAssets.xcassets in Resources */,
			);
			runOnlyForDeploymentPostprocessing = 0;
		};
/* End PBXResourcesBuildPhase section */

/* Begin PBXSourcesBuildPhase section */
		335C92B51BB71D7000DC1BD2 /* Sources */ = {
			isa = PBXSourcesBuildPhase;
			buildActionMask = 2147483647;
			files = (
				335C92DB1BB8959400DC1BD2 /* 03VectorPoint.m in Sources */,
				335C92C11BB71D7000DC1BD2 /* main.m in Sources */,
				33E0A6061BDD72DB00FB0414 /* 08ButtonDemo.m in Sources */,
				335C92D51BB71EEA00DC1BD2 /* SKUtilities2.m in Sources */,
				335C92E51BBB4F7700DC1BD2 /* 05ShapeDemo.m in Sources */,
				335C92EB1BBB7C5C00DC1BD2 /* 06MultiLineDemo.m in Sources */,
				335C92E21BB9D01200DC1BD2 /* 04BezierDemo.m in Sources */,
				335C92C41BB71D7000DC1BD2 /* 01NumbersDemo.m in Sources */,
				335C92BE1BB71D7000DC1BD2 /* AppDelegate.m in Sources */,
				335C92D81BB7AEB100DC1BD2 /* 02rotationScene.m in Sources */,
				332046631BC32ED4008C9FCF /* 07ColorBlending.m in Sources */,
				33A199CB1BC9FF6D00A98913 /* shapeBenchmark.m in Sources */,
			);
			runOnlyForDeploymentPostprocessing = 0;
		};
		335C92EC1BBB7F0C00DC1BD2 /* Sources */ = {
			isa = PBXSourcesBuildPhase;
			buildActionMask = 2147483647;
			files = (
				335C93111BBB7F2E00DC1BD2 /* 03VectorPoint.m in Sources */,
				335C92FF1BBB7F0C00DC1BD2 /* GameViewController.m in Sources */,
				332046641BC32ED4008C9FCF /* 07ColorBlending.m in Sources */,
				335C93121BBB7F2E00DC1BD2 /* 04BezierDemo.m in Sources */,
				33E0A6071BDD72DB00FB0414 /* 08ButtonDemo.m in Sources */,
				335C93141BBB7F2E00DC1BD2 /* 06MultiLineDemo.m in Sources */,
				335C93101BBB7F2E00DC1BD2 /* 02rotationScene.m in Sources */,
				335C930E1BBB7F2E00DC1BD2 /* 01NumbersDemo.m in Sources */,
				33A199CC1BC9FF6D00A98913 /* shapeBenchmark.m in Sources */,
				335C92F71BBB7F0C00DC1BD2 /* AppDelegate.m in Sources */,
				335C92F41BBB7F0C00DC1BD2 /* main.m in Sources */,
				335C93151BBB7F3100DC1BD2 /* SKUtilities2.m in Sources */,
				335C93131BBB7F2E00DC1BD2 /* 05ShapeDemo.m in Sources */,
			);
			runOnlyForDeploymentPostprocessing = 0;
		};
		335C93181BBB8ADC00DC1BD2 /* Sources */ = {
			isa = PBXSourcesBuildPhase;
			buildActionMask = 2147483647;
			files = (
				332046601BC2FE2F008C9FCF /* main.m in Sources */,
				335C933B1BBB8AFD00DC1BD2 /* 03VectorPoint.m in Sources */,
				332046651BC32ED4008C9FCF /* 07ColorBlending.m in Sources */,
				335C932B1BBB8ADC00DC1BD2 /* GameViewController.m in Sources */,
				33E0A6081BDD72DB00FB0414 /* 08ButtonDemo.m in Sources */,
				335C93371BBB8AFD00DC1BD2 /* SKUtilities2.m in Sources */,
				335C933C1BBB8AFD00DC1BD2 /* 04BezierDemo.m in Sources */,
				335C933E1BBB8AFD00DC1BD2 /* 06MultiLineDemo.m in Sources */,
				33A199CD1BC9FF6D00A98913 /* shapeBenchmark.m in Sources */,
				335C933A1BBB8AFD00DC1BD2 /* 02rotationScene.m in Sources */,
				335C93381BBB8AFD00DC1BD2 /* 01NumbersDemo.m in Sources */,
				335C93231BBB8ADC00DC1BD2 /* AppDelegate.m in Sources */,
				335C933D1BBB8AFD00DC1BD2 /* 05ShapeDemo.m in Sources */,
			);
			runOnlyForDeploymentPostprocessing = 0;
		};
/* End PBXSourcesBuildPhase section */

/* Begin PBXVariantGroup section */
		3320465C1BC2FDF6008C9FCF /* Main.storyboard */ = {
			isa = PBXVariantGroup;
			children = (
				3320465D1BC2FDF6008C9FCF /* Base */,
			);
			name = Main.storyboard;
			sourceTree = "<group>";
		};
		335C92C91BB71D7000DC1BD2 /* MainMenu.xib */ = {
			isa = PBXVariantGroup;
			children = (
				335C92CA1BB71D7000DC1BD2 /* Base */,
			);
			name = MainMenu.xib;
			path = OSX;
			sourceTree = "<group>";
		};
		335C93001BBB7F0C00DC1BD2 /* Main.storyboard */ = {
			isa = PBXVariantGroup;
			children = (
				335C93011BBB7F0C00DC1BD2 /* Base */,
			);
			name = Main.storyboard;
			path = ../SKUtilities2/iOS;
			sourceTree = "<group>";
		};
		335C93051BBB7F0C00DC1BD2 /* LaunchScreen.storyboard */ = {
			isa = PBXVariantGroup;
			children = (
				335C93061BBB7F0C00DC1BD2 /* Base */,
			);
			name = LaunchScreen.storyboard;
			path = ../SKUtilities2/iOS;
			sourceTree = "<group>";
		};
/* End PBXVariantGroup section */

/* Begin XCBuildConfiguration section */
		335C92CD1BB71D7000DC1BD2 /* Debug */ = {
			isa = XCBuildConfiguration;
			buildSettings = {
				ALWAYS_SEARCH_USER_PATHS = NO;
				CLANG_CXX_LANGUAGE_STANDARD = "gnu++0x";
				CLANG_CXX_LIBRARY = "libc++";
				CLANG_ENABLE_MODULES = YES;
				CLANG_ENABLE_OBJC_ARC = YES;
				CLANG_WARN_BOOL_CONVERSION = YES;
				CLANG_WARN_CONSTANT_CONVERSION = YES;
				CLANG_WARN_DIRECT_OBJC_ISA_USAGE = YES_ERROR;
				CLANG_WARN_EMPTY_BODY = YES;
				CLANG_WARN_ENUM_CONVERSION = YES;
				CLANG_WARN_INT_CONVERSION = YES;
				CLANG_WARN_OBJC_ROOT_CLASS = YES_ERROR;
				CLANG_WARN_UNREACHABLE_CODE = YES;
				CLANG_WARN__DUPLICATE_METHOD_MATCH = YES;
				CODE_SIGN_IDENTITY = "-";
				COPY_PHASE_STRIP = NO;
				DEBUG_INFORMATION_FORMAT = "dwarf-with-dsym";
				ENABLE_STRICT_OBJC_MSGSEND = YES;
				ENABLE_TESTABILITY = YES;
				GCC_C_LANGUAGE_STANDARD = gnu99;
				GCC_DYNAMIC_NO_PIC = NO;
				GCC_NO_COMMON_BLOCKS = YES;
				GCC_OPTIMIZATION_LEVEL = 0;
				GCC_PREPROCESSOR_DEFINITIONS = (
					"DEBUG=1",
					"$(inherited)",
				);
				GCC_WARN_64_TO_32_BIT_CONVERSION = YES;
				GCC_WARN_ABOUT_RETURN_TYPE = YES_ERROR;
				GCC_WARN_UNDECLARED_SELECTOR = YES;
				GCC_WARN_UNINITIALIZED_AUTOS = YES_AGGRESSIVE;
				GCC_WARN_UNUSED_FUNCTION = YES;
				GCC_WARN_UNUSED_VARIABLE = YES;
				MACOSX_DEPLOYMENT_TARGET = 10.11;
				MTL_ENABLE_DEBUG_INFO = YES;
				ONLY_ACTIVE_ARCH = YES;
				SDKROOT = macosx;
			};
			name = Debug;
		};
		335C92CE1BB71D7000DC1BD2 /* Release */ = {
			isa = XCBuildConfiguration;
			buildSettings = {
				ALWAYS_SEARCH_USER_PATHS = NO;
				CLANG_CXX_LANGUAGE_STANDARD = "gnu++0x";
				CLANG_CXX_LIBRARY = "libc++";
				CLANG_ENABLE_MODULES = YES;
				CLANG_ENABLE_OBJC_ARC = YES;
				CLANG_WARN_BOOL_CONVERSION = YES;
				CLANG_WARN_CONSTANT_CONVERSION = YES;
				CLANG_WARN_DIRECT_OBJC_ISA_USAGE = YES_ERROR;
				CLANG_WARN_EMPTY_BODY = YES;
				CLANG_WARN_ENUM_CONVERSION = YES;
				CLANG_WARN_INT_CONVERSION = YES;
				CLANG_WARN_OBJC_ROOT_CLASS = YES_ERROR;
				CLANG_WARN_UNREACHABLE_CODE = YES;
				CLANG_WARN__DUPLICATE_METHOD_MATCH = YES;
				CODE_SIGN_IDENTITY = "-";
				COPY_PHASE_STRIP = NO;
				DEBUG_INFORMATION_FORMAT = "dwarf-with-dsym";
				ENABLE_NS_ASSERTIONS = NO;
				ENABLE_STRICT_OBJC_MSGSEND = YES;
				GCC_C_LANGUAGE_STANDARD = gnu99;
				GCC_NO_COMMON_BLOCKS = YES;
				GCC_WARN_64_TO_32_BIT_CONVERSION = YES;
				GCC_WARN_ABOUT_RETURN_TYPE = YES_ERROR;
				GCC_WARN_UNDECLARED_SELECTOR = YES;
				GCC_WARN_UNINITIALIZED_AUTOS = YES_AGGRESSIVE;
				GCC_WARN_UNUSED_FUNCTION = YES;
				GCC_WARN_UNUSED_VARIABLE = YES;
				MACOSX_DEPLOYMENT_TARGET = 10.11;
				MTL_ENABLE_DEBUG_INFO = NO;
				SDKROOT = macosx;
			};
			name = Release;
		};
		335C92D01BB71D7000DC1BD2 /* Debug */ = {
			isa = XCBuildConfiguration;
			buildSettings = {
				ASSETCATALOG_COMPILER_APPICON_NAME = AppIcon;
				COMBINE_HIDPI_IMAGES = YES;
				GCC_OPTIMIZATION_LEVEL = 0;
				INFOPLIST_FILE = "$(SRCROOT)/SKUtilities2/OSX/Info.plist";
				LD_RUNPATH_SEARCH_PATHS = "$(inherited) @executable_path/../Frameworks";
				PRODUCT_BUNDLE_IDENTIFIER = com.secretgamegroup.SKUtilities2;
				PRODUCT_NAME = "$(TARGET_NAME)";
			};
			name = Debug;
		};
		335C92D11BB71D7000DC1BD2 /* Release */ = {
			isa = XCBuildConfiguration;
			buildSettings = {
				ASSETCATALOG_COMPILER_APPICON_NAME = AppIcon;
				COMBINE_HIDPI_IMAGES = YES;
				INFOPLIST_FILE = "$(SRCROOT)/SKUtilities2/OSX/Info.plist";
				LD_RUNPATH_SEARCH_PATHS = "$(inherited) @executable_path/../Frameworks";
				PRODUCT_BUNDLE_IDENTIFIER = com.secretgamegroup.SKUtilities2;
				PRODUCT_NAME = "$(TARGET_NAME)";
			};
			name = Release;
		};
		335C930A1BBB7F0C00DC1BD2 /* Debug */ = {
			isa = XCBuildConfiguration;
			buildSettings = {
				ASSETCATALOG_COMPILER_APPICON_NAME = iOSAppIcon;
				CLANG_WARN_DOCUMENTATION_COMMENTS = YES;
				CODE_SIGN_IDENTITY = "iPhone Developer";
				"CODE_SIGN_IDENTITY[sdk=iphoneos*]" = "iPhone Developer";
				INFOPLIST_FILE = "$(SRCROOT)/SKUtilities2/iOS/Info.plist";
				IPHONEOS_DEPLOYMENT_TARGET = 9.1;
				LD_RUNPATH_SEARCH_PATHS = "$(inherited) @executable_path/Frameworks";
				PRODUCT_BUNDLE_IDENTIFIER = com.secretgamegroup.SKUtilitiesiOSDemo;
				PRODUCT_NAME = "$(TARGET_NAME)";
				SDKROOT = iphoneos;
				TARGETED_DEVICE_FAMILY = "1,2";
			};
			name = Debug;
		};
		335C930B1BBB7F0C00DC1BD2 /* Release */ = {
			isa = XCBuildConfiguration;
			buildSettings = {
				ASSETCATALOG_COMPILER_APPICON_NAME = iOSAppIcon;
				CLANG_WARN_DOCUMENTATION_COMMENTS = YES;
				CODE_SIGN_IDENTITY = "iPhone Developer";
				"CODE_SIGN_IDENTITY[sdk=iphoneos*]" = "iPhone Developer";
				INFOPLIST_FILE = "$(SRCROOT)/SKUtilities2/iOS/Info.plist";
				IPHONEOS_DEPLOYMENT_TARGET = 9.1;
				LD_RUNPATH_SEARCH_PATHS = "$(inherited) @executable_path/Frameworks";
				PRODUCT_BUNDLE_IDENTIFIER = com.secretgamegroup.SKUtilitiesiOSDemo;
				PRODUCT_NAME = "$(TARGET_NAME)";
				SDKROOT = iphoneos;
				TARGETED_DEVICE_FAMILY = "1,2";
				VALIDATE_PRODUCT = YES;
			};
			name = Release;
		};
		335C93351BBB8ADD00DC1BD2 /* Debug */ = {
			isa = XCBuildConfiguration;
			buildSettings = {
				ASSETCATALOG_COMPILER_APPICON_NAME = "App Icon & Top Shelf Image";
				ASSETCATALOG_COMPILER_LAUNCHIMAGE_NAME = LaunchImage;
				CODE_SIGN_IDENTITY = "iPhone Developer";
				INFOPLIST_FILE = "$(SRCROOT)/SKUtilities2/tvOS/Info.plist";
				LD_RUNPATH_SEARCH_PATHS = "$(inherited) @executable_path/Frameworks";
				PRODUCT_BUNDLE_IDENTIFIER = com.secretgamegroup.SKUtilitiestvOSdemo;
				PRODUCT_NAME = "$(TARGET_NAME)";
				SDKROOT = appletvos;
				TARGETED_DEVICE_FAMILY = 3;
				TVOS_DEPLOYMENT_TARGET = 9.0;
			};
			name = Debug;
		};
		335C93361BBB8ADD00DC1BD2 /* Release */ = {
			isa = XCBuildConfiguration;
			buildSettings = {
				ASSETCATALOG_COMPILER_APPICON_NAME = "App Icon & Top Shelf Image";
				ASSETCATALOG_COMPILER_LAUNCHIMAGE_NAME = LaunchImage;
				CODE_SIGN_IDENTITY = "iPhone Developer";
				INFOPLIST_FILE = "$(SRCROOT)/SKUtilities2/tvOS/Info.plist";
				LD_RUNPATH_SEARCH_PATHS = "$(inherited) @executable_path/Frameworks";
				PRODUCT_BUNDLE_IDENTIFIER = com.secretgamegroup.SKUtilitiestvOSdemo;
				PRODUCT_NAME = "$(TARGET_NAME)";
				SDKROOT = appletvos;
				TARGETED_DEVICE_FAMILY = 3;
				TVOS_DEPLOYMENT_TARGET = 9.0;
				VALIDATE_PRODUCT = YES;
			};
			name = Release;
		};
/* End XCBuildConfiguration section */

/* Begin XCConfigurationList section */
		335C92B41BB71D7000DC1BD2 /* Build configuration list for PBXProject "SKUtilities2" */ = {
			isa = XCConfigurationList;
			buildConfigurations = (
				335C92CD1BB71D7000DC1BD2 /* Debug */,
				335C92CE1BB71D7000DC1BD2 /* Release */,
			);
			defaultConfigurationIsVisible = 0;
			defaultConfigurationName = Release;
		};
		335C92CF1BB71D7000DC1BD2 /* Build configuration list for PBXNativeTarget "SKUtilities2OSXDemo" */ = {
			isa = XCConfigurationList;
			buildConfigurations = (
				335C92D01BB71D7000DC1BD2 /* Debug */,
				335C92D11BB71D7000DC1BD2 /* Release */,
			);
			defaultConfigurationIsVisible = 0;
			defaultConfigurationName = Release;
		};
		335C93091BBB7F0C00DC1BD2 /* Build configuration list for PBXNativeTarget "SKUtilities2iOSDemo" */ = {
			isa = XCConfigurationList;
			buildConfigurations = (
				335C930A1BBB7F0C00DC1BD2 /* Debug */,
				335C930B1BBB7F0C00DC1BD2 /* Release */,
			);
			defaultConfigurationIsVisible = 0;
			defaultConfigurationName = Release;
		};
		335C93341BBB8ADD00DC1BD2 /* Build configuration list for PBXNativeTarget "SKUtilities2tvOSdemo" */ = {
			isa = XCConfigurationList;
			buildConfigurations = (
				335C93351BBB8ADD00DC1BD2 /* Debug */,
				335C93361BBB8ADD00DC1BD2 /* Release */,
			);
			defaultConfigurationIsVisible = 0;
			defaultConfigurationName = Release;
		};
/* End XCConfigurationList section */
	};
	rootObject = 335C92B11BB71D7000DC1BD2 /* Project object */;
}
